
Microsoft Visual Studio Solution File, Format Version 12.00
# Visual Studio Version 16
VisualStudioVersion = 16.0.29020.237
MinimumVisualStudioVersion = 10.0.40219.1
Project("{FAE04EC0-301F-11D3-BF4B-00C04F79EFBC}") = "WorkingWithWPFDataGrid", "WorkingWithWPFDataGrid\WorkingWithWPFDataGrid.csproj", "{934B7524-258E-4E9B-BDD1-1592C96CFFB9}"
EndProject
Global
	GlobalSection(SolutionConfigurationPlatforms) = preSolution
		Debug|Any CPU = Debug|Any CPU
		Release|Any CPU = Release|Any CPU
	EndGlobalSection
	GlobalSection(ProjectConfigurationPlatforms) = postSolution
		{934B7524-258E-4E9B-BDD1-1592C96CFFB9}.Debug|Any CPU.ActiveCfg = Debug|Any CPU
		{934B7524-258E-4E9B-BDD1-1592C96CFFB9}.Debug|Any CPU.Build.0 = Debug|Any CPU
		{934B7524-258E-4E9B-BDD1-1592C96CFFB9}.Release|Any CPU.ActiveCfg = Release|Any CPU
		{934B7524-258E-4E9B-BDD1-1592C96CFFB9}.Release|Any CPU.Build.0 = Release|Any CPU
	EndGlobalSection
	GlobalSection(SolutionProperties) = preSolution
		HideSolutionNode = FALSE
	EndGlobalSection
	GlobalSection(ExtensibilityGlobals) = postSolution
		SolutionGuid = {34623BD2-6EB0-4EA3-A12C-AA119EDCEE57}
	EndGlobalSection
EndGlobal
